
Microsoft Visual Studio Solution File, Format Version 12.00
# Visual Studio Version 17
VisualStudioVersion = 17.0.31903.59
MinimumVisualStudioVersion = 10.0.40219.1
Project("{FAE04EC0-301F-11D3-BF4B-00C04F79EFBC}") = "client", "client\client.csproj", "{C30B8C76-4AB3-4048-AC64-A9F1AB96AAC8}"
EndProject
Project("{FAE04EC0-301F-11D3-BF4B-00C04F79EFBC}") = "test-api", "server\test-api.csproj", "{701E5470-38B3-41E4-A772-9603E37146BC}"
EndProject
Global
	GlobalSection(SolutionConfigurationPlatforms) = preSolution
		Debug|Any CPU = Debug|Any CPU
		Release|Any CPU = Release|Any CPU
	EndGlobalSection
	GlobalSection(SolutionProperties) = preSolution
		HideSolutionNode = FALSE
	EndGlobalSection
	GlobalSection(ProjectConfigurationPlatforms) = postSolution
		{C30B8C76-4AB3-4048-AC64-A9F1AB96AAC8}.Debug|Any CPU.ActiveCfg = Debug|Any CPU
		{C30B8C76-4AB3-4048-AC64-A9F1AB96AAC8}.Debug|Any CPU.Build.0 = Debug|Any CPU
		{C30B8C76-4AB3-4048-AC64-A9F1AB96AAC8}.Release|Any CPU.ActiveCfg = Release|Any CPU
		{C30B8C76-4AB3-4048-AC64-A9F1AB96AAC8}.Release|Any CPU.Build.0 = Release|Any CPU
		{701E5470-38B3-41E4-A772-9603E37146BC}.Debug|Any CPU.ActiveCfg = Debug|Any CPU
		{701E5470-38B3-41E4-A772-9603E37146BC}.Debug|Any CPU.Build.0 = Debug|Any CPU
		{701E5470-38B3-41E4-A772-9603E37146BC}.Release|Any CPU.ActiveCfg = Release|Any CPU
		{701E5470-38B3-41E4-A772-9603E37146BC}.Release|Any CPU.Build.0 = Release|Any CPU
	EndGlobalSection
EndGlobal
